
Microsoft Visual Studio Solution File, Format Version 12.00
# Visual Studio Version 17
VisualStudioVersion = 17.6.33801.468
MinimumVisualStudioVersion = 10.0.40219.1
Project("{FAE04EC0-301F-11D3-BF4B-00C04F79EFBC}") = "MyGym_JS", "MyGym_JS\MyGym_JS.csproj", "{C71A66ED-941B-4C1B-8B7F-4F93A5AC092B}"
EndProject
Global
	GlobalSection(SolutionConfigurationPlatforms) = preSolution
		Debug|Any CPU = Debug|Any CPU
		Release|Any CPU = Release|Any CPU
	EndGlobalSection
	GlobalSection(ProjectConfigurationPlatforms) = postSolution
		{C71A66ED-941B-4C1B-8B7F-4F93A5AC092B}.Debug|Any CPU.ActiveCfg = Debug|Any CPU
		{C71A66ED-941B-4C1B-8B7F-4F93A5AC092B}.Debug|Any CPU.Build.0 = Debug|Any CPU
		{C71A66ED-941B-4C1B-8B7F-4F93A5AC092B}.Release|Any CPU.ActiveCfg = Release|Any CPU
		{C71A66ED-941B-4C1B-8B7F-4F93A5AC092B}.Release|Any CPU.Build.0 = Release|Any CPU
	EndGlobalSection
	GlobalSection(SolutionProperties) = preSolution
		HideSolutionNode = FALSE
	EndGlobalSection
	GlobalSection(ExtensibilityGlobals) = postSolution
		SolutionGuid = {41ABAEB9-9077-46F0-9F37-C3E1FF1F886B}
	EndGlobalSection
EndGlobal
